
Microsoft Visual Studio Solution File, Format Version 12.00
# Visual Studio Version 16
VisualStudioVersion = 16.0.30104.148
MinimumVisualStudioVersion = 10.0.40219.1
Project("{FAE04EC0-301F-11D3-BF4B-00C04F79EFBC}") = "ContainerMovement_V2", "ContainerMovement_V2\ContainerMovement_V2.csproj", "{D4758CAB-B1D4-4C1D-B558-80F216B68674}"
EndProject
Project("{FAE04EC0-301F-11D3-BF4B-00C04F79EFBC}") = "UnitTest_ContainerMovement", "UnitTest_ContainerMovement\UnitTest_ContainerMovement.csproj", "{81C00D7E-E04E-4B10-9308-603283C3E4A9}"
EndProject
Global
	GlobalSection(SolutionConfigurationPlatforms) = preSolution
		Debug|Any CPU = Debug|Any CPU
		Release|Any CPU = Release|Any CPU
	EndGlobalSection
	GlobalSection(ProjectConfigurationPlatforms) = postSolution
		{D4758CAB-B1D4-4C1D-B558-80F216B68674}.Debug|Any CPU.ActiveCfg = Debug|Any CPU
		{D4758CAB-B1D4-4C1D-B558-80F216B68674}.Debug|Any CPU.Build.0 = Debug|Any CPU
		{D4758CAB-B1D4-4C1D-B558-80F216B68674}.Release|Any CPU.ActiveCfg = Release|Any CPU
		{D4758CAB-B1D4-4C1D-B558-80F216B68674}.Release|Any CPU.Build.0 = Release|Any CPU
		{81C00D7E-E04E-4B10-9308-603283C3E4A9}.Debug|Any CPU.ActiveCfg = Debug|Any CPU
		{81C00D7E-E04E-4B10-9308-603283C3E4A9}.Debug|Any CPU.Build.0 = Debug|Any CPU
		{81C00D7E-E04E-4B10-9308-603283C3E4A9}.Release|Any CPU.ActiveCfg = Release|Any CPU
		{81C00D7E-E04E-4B10-9308-603283C3E4A9}.Release|Any CPU.Build.0 = Release|Any CPU
	EndGlobalSection
	GlobalSection(SolutionProperties) = preSolution
		HideSolutionNode = FALSE
	EndGlobalSection
	GlobalSection(ExtensibilityGlobals) = postSolution
		SolutionGuid = {6E101934-5C0D-4D2D-802E-4E903FAC8170}
	EndGlobalSection
EndGlobal
