
Microsoft Visual Studio Solution File, Format Version 12.00
# Visual Studio Version 16
VisualStudioVersion = 16.0.30104.148
MinimumVisualStudioVersion = 10.0.40219.1
Project("{FAE04EC0-301F-11D3-BF4B-00C04F79EFBC}") = "S2_Pizzaria", "S2_Pizzaria\S2_Pizzaria.csproj", "{8AAF65DB-1123-465E-A818-0910CA2381FC}"
EndProject
Project("{FAE04EC0-301F-11D3-BF4B-00C04F79EFBC}") = "Logic_Layer", "Logic_Layer\Logic_Layer.csproj", "{62280AA2-3330-4216-BB62-83022D11EE60}"
EndProject
Global
	GlobalSection(SolutionConfigurationPlatforms) = preSolution
		Debug|Any CPU = Debug|Any CPU
		Release|Any CPU = Release|Any CPU
	EndGlobalSection
	GlobalSection(ProjectConfigurationPlatforms) = postSolution
		{8AAF65DB-1123-465E-A818-0910CA2381FC}.Debug|Any CPU.ActiveCfg = Debug|Any CPU
		{8AAF65DB-1123-465E-A818-0910CA2381FC}.Debug|Any CPU.Build.0 = Debug|Any CPU
		{8AAF65DB-1123-465E-A818-0910CA2381FC}.Release|Any CPU.ActiveCfg = Release|Any CPU
		{8AAF65DB-1123-465E-A818-0910CA2381FC}.Release|Any CPU.Build.0 = Release|Any CPU
		{62280AA2-3330-4216-BB62-83022D11EE60}.Debug|Any CPU.ActiveCfg = Debug|Any CPU
		{62280AA2-3330-4216-BB62-83022D11EE60}.Debug|Any CPU.Build.0 = Debug|Any CPU
		{62280AA2-3330-4216-BB62-83022D11EE60}.Release|Any CPU.ActiveCfg = Release|Any CPU
		{62280AA2-3330-4216-BB62-83022D11EE60}.Release|Any CPU.Build.0 = Release|Any CPU
	EndGlobalSection
	GlobalSection(SolutionProperties) = preSolution
		HideSolutionNode = FALSE
	EndGlobalSection
	GlobalSection(ExtensibilityGlobals) = postSolution
		SolutionGuid = {5522F6F8-F171-4C33-A895-0008F2780DEB}
	EndGlobalSection
EndGlobal
