
Microsoft Visual Studio Solution File, Format Version 12.00
# Visual Studio Version 16
VisualStudioVersion = 16.0.30002.166
MinimumVisualStudioVersion = 10.0.40219.1
Project("{FAE04EC0-301F-11D3-BF4B-00C04F79EFBC}") = "Kameleon_Opdracht", "Kameleon_Opdracht\Kameleon_Opdracht.csproj", "{50921EEA-1B79-480D-87C0-F00CAC5861AE}"
EndProject
Global
	GlobalSection(SolutionConfigurationPlatforms) = preSolution
		Debug|Any CPU = Debug|Any CPU
		Release|Any CPU = Release|Any CPU
	EndGlobalSection
	GlobalSection(ProjectConfigurationPlatforms) = postSolution
		{50921EEA-1B79-480D-87C0-F00CAC5861AE}.Debug|Any CPU.ActiveCfg = Debug|Any CPU
		{50921EEA-1B79-480D-87C0-F00CAC5861AE}.Debug|Any CPU.Build.0 = Debug|Any CPU
		{50921EEA-1B79-480D-87C0-F00CAC5861AE}.Release|Any CPU.ActiveCfg = Release|Any CPU
		{50921EEA-1B79-480D-87C0-F00CAC5861AE}.Release|Any CPU.Build.0 = Release|Any CPU
	EndGlobalSection
	GlobalSection(SolutionProperties) = preSolution
		HideSolutionNode = FALSE
	EndGlobalSection
	GlobalSection(ExtensibilityGlobals) = postSolution
		SolutionGuid = {8E3309A3-B8B1-4D0C-8B6A-A2EF350435A9}
	EndGlobalSection
EndGlobal
